// !$*UTF8*$!
{
	archiveVersion = 1;
	classes = {
	};
	objectVersion = 56;
	objects = {

/* Begin PBXBuildFile section */
		8638475F291664520042033B /* Fridges.swift in Sources */ = {isa = PBXBuildFile; fileRef = 8638475E291664520042033B /* Fridges.swift */; };
		8638476A291694610042033B /* Pretendard-ExtraLight.otf in Resources */ = {isa = PBXBuildFile; fileRef = 86384761291694600042033B /* Pretendard-ExtraLight.otf */; };
		8638476B291694610042033B /* Pretendard-Light.otf in Resources */ = {isa = PBXBuildFile; fileRef = 86384762291694600042033B /* Pretendard-Light.otf */; };
		8638476C291694610042033B /* Pretendard-Black.otf in Resources */ = {isa = PBXBuildFile; fileRef = 86384763291694600042033B /* Pretendard-Black.otf */; };
		8638476D291694610042033B /* Pretendard-Bold.otf in Resources */ = {isa = PBXBuildFile; fileRef = 86384764291694600042033B /* Pretendard-Bold.otf */; };
		8638476E291694610042033B /* Pretendard-Medium.otf in Resources */ = {isa = PBXBuildFile; fileRef = 86384765291694600042033B /* Pretendard-Medium.otf */; };
		8638476F291694610042033B /* Pretendard-ExtraBold.otf in Resources */ = {isa = PBXBuildFile; fileRef = 86384766291694610042033B /* Pretendard-ExtraBold.otf */; };
		86384770291694610042033B /* Pretendard-Regular.otf in Resources */ = {isa = PBXBuildFile; fileRef = 86384767291694610042033B /* Pretendard-Regular.otf */; };
		86384771291694610042033B /* Pretendard-SemiBold.otf in Resources */ = {isa = PBXBuildFile; fileRef = 86384768291694610042033B /* Pretendard-SemiBold.otf */; };
		86384772291694610042033B /* Pretendard-Thin.otf in Resources */ = {isa = PBXBuildFile; fileRef = 86384769291694610042033B /* Pretendard-Thin.otf */; };
		866084082917A36100F108DD /* Constant.swift in Sources */ = {isa = PBXBuildFile; fileRef = 866084072917A36100F108DD /* Constant.swift */; };
		8660840A2917ADF700F108DD /* DefaultFood.swift in Sources */ = {isa = PBXBuildFile; fileRef = 866084092917ADF700F108DD /* DefaultFood.swift */; };
		866799B52914DE3F004BB7B2 /* CopyLaunchViewController.swift in Sources */ = {isa = PBXBuildFile; fileRef = 866799B32914DE3F004BB7B2 /* CopyLaunchViewController.swift */; };
		866799B62914DE3F004BB7B2 /* CopyLaunchViewController.xib in Resources */ = {isa = PBXBuildFile; fileRef = 866799B42914DE3F004BB7B2 /* CopyLaunchViewController.xib */; };
		866799BB2914E39F004BB7B2 /* PermissionViewController.swift in Sources */ = {isa = PBXBuildFile; fileRef = 866799B92914E39F004BB7B2 /* PermissionViewController.swift */; };
		866799BC2914E39F004BB7B2 /* PermissionViewController.xib in Resources */ = {isa = PBXBuildFile; fileRef = 866799BA2914E39F004BB7B2 /* PermissionViewController.xib */; };
		866799C229161AB4004BB7B2 /* Users.swift in Sources */ = {isa = PBXBuildFile; fileRef = 866799C129161AB4004BB7B2 /* Users.swift */; };
		8674D2CE2918D7B200FC3A46 /* FridgeDetailViewController.swift in Sources */ = {isa = PBXBuildFile; fileRef = 8674D2CC2918D7B200FC3A46 /* FridgeDetailViewController.swift */; };
		8674D2CF2918D7B200FC3A46 /* FridgeDetailViewController.xib in Resources */ = {isa = PBXBuildFile; fileRef = 8674D2CD2918D7B200FC3A46 /* FridgeDetailViewController.xib */; };
		8685D241292B5DA90075281D /* SearchViewController.swift in Sources */ = {isa = PBXBuildFile; fileRef = 8685D23F292B5DA90075281D /* SearchViewController.swift */; };
		8685D242292B5DA90075281D /* SearchViewController.xib in Resources */ = {isa = PBXBuildFile; fileRef = 8685D240292B5DA90075281D /* SearchViewController.xib */; };
		86ADE094292219FE005254F4 /* PopUpFoodCountUpdate.swift in Sources */ = {isa = PBXBuildFile; fileRef = 86ADE092292219FE005254F4 /* PopUpFoodCountUpdate.swift */; };
		86ADE095292219FE005254F4 /* PopUpFoodCountUpdate.xib in Resources */ = {isa = PBXBuildFile; fileRef = 86ADE093292219FE005254F4 /* PopUpFoodCountUpdate.xib */; };
		86ADE0982923D4ED005254F4 /* AddFoodViewController.swift in Sources */ = {isa = PBXBuildFile; fileRef = 86ADE0962923D4ED005254F4 /* AddFoodViewController.swift */; };
		86ADE0992923D4ED005254F4 /* AddFoodViewController.xib in Resources */ = {isa = PBXBuildFile; fileRef = 86ADE0972923D4ED005254F4 /* AddFoodViewController.xib */; };
		86C490D8291A2F2F00802C50 /* FridgeDetailCellTableViewCell.swift in Sources */ = {isa = PBXBuildFile; fileRef = 86C490D6291A2F2F00802C50 /* FridgeDetailCellTableViewCell.swift */; };
		86C490D9291A2F2F00802C50 /* FridgeDetailCellTableViewCell.xib in Resources */ = {isa = PBXBuildFile; fileRef = 86C490D7291A2F2F00802C50 /* FridgeDetailCellTableViewCell.xib */; };
		86E596F1290E3B85008EA5B0 /* KakaoSDKAuth in Frameworks */ = {isa = PBXBuildFile; productRef = 86E596F0290E3B85008EA5B0 /* KakaoSDKAuth */; };
		86E596F3290E3B85008EA5B0 /* KakaoSDKCommon in Frameworks */ = {isa = PBXBuildFile; productRef = 86E596F2290E3B85008EA5B0 /* KakaoSDKCommon */; };
		86E596F5290E3B85008EA5B0 /* KakaoSDKCommonCore in Frameworks */ = {isa = PBXBuildFile; productRef = 86E596F4290E3B85008EA5B0 /* KakaoSDKCommonCore */; };
		86E596F7290E3B85008EA5B0 /* KakaoSDKShare in Frameworks */ = {isa = PBXBuildFile; productRef = 86E596F6290E3B85008EA5B0 /* KakaoSDKShare */; };
		86E596F9290E3B85008EA5B0 /* KakaoSDKStory in Frameworks */ = {isa = PBXBuildFile; productRef = 86E596F8290E3B85008EA5B0 /* KakaoSDKStory */; };
		86E596FB290E3B85008EA5B0 /* KakaoSDKTalk in Frameworks */ = {isa = PBXBuildFile; productRef = 86E596FA290E3B85008EA5B0 /* KakaoSDKTalk */; };
		86E596FD290E3B85008EA5B0 /* KakaoSDKTemplate in Frameworks */ = {isa = PBXBuildFile; productRef = 86E596FC290E3B85008EA5B0 /* KakaoSDKTemplate */; };
		86E596FF290E3B85008EA5B0 /* KakaoSDKUser in Frameworks */ = {isa = PBXBuildFile; productRef = 86E596FE290E3B85008EA5B0 /* KakaoSDKUser */; };
		86E59706290E4D01008EA5B0 /* LoginViewController.swift in Sources */ = {isa = PBXBuildFile; fileRef = 86E59704290E4D01008EA5B0 /* LoginViewController.swift */; };
		86E59707290E4D01008EA5B0 /* LoginViewController.xib in Resources */ = {isa = PBXBuildFile; fileRef = 86E59705290E4D01008EA5B0 /* LoginViewController.xib */; };
		86E5970B290E5F42008EA5B0 /* NickNameViewController.swift in Sources */ = {isa = PBXBuildFile; fileRef = 86E59709290E5F42008EA5B0 /* NickNameViewController.swift */; };
		86E5970C290E5F42008EA5B0 /* NickNameViewController.xib in Resources */ = {isa = PBXBuildFile; fileRef = 86E5970A290E5F42008EA5B0 /* NickNameViewController.xib */; };
		CE4A3CA429178161003971DE /* ItemCell.xib in Resources */ = {isa = PBXBuildFile; fileRef = CE4A3C9C29178161003971DE /* ItemCell.xib */; };
		CE4A3CA529178161003971DE /* RefrigeSmallCell.xib in Resources */ = {isa = PBXBuildFile; fileRef = CE4A3C9D29178161003971DE /* RefrigeSmallCell.xib */; };
		CE4A3CA629178161003971DE /* ItemCell.swift in Sources */ = {isa = PBXBuildFile; fileRef = CE4A3C9E29178161003971DE /* ItemCell.swift */; };
		CE4A3CA729178161003971DE /* RefrigeItemListCell.swift in Sources */ = {isa = PBXBuildFile; fileRef = CE4A3C9F29178161003971DE /* RefrigeItemListCell.swift */; };
		CE4A3CA829178161003971DE /* RefrigeSmallCell.swift in Sources */ = {isa = PBXBuildFile; fileRef = CE4A3CA029178161003971DE /* RefrigeSmallCell.swift */; };
		CE4A3CA929178161003971DE /* RefrigeLargeCell.xib in Resources */ = {isa = PBXBuildFile; fileRef = CE4A3CA129178161003971DE /* RefrigeLargeCell.xib */; };
		CE4A3CAA29178161003971DE /* RefrigeItemListCell.xib in Resources */ = {isa = PBXBuildFile; fileRef = CE4A3CA229178161003971DE /* RefrigeItemListCell.xib */; };
		CE4A3CAB29178161003971DE /* RefrigeLargeCell.swift in Sources */ = {isa = PBXBuildFile; fileRef = CE4A3CA329178161003971DE /* RefrigeLargeCell.swift */; };
		CE4A3CB22917818E003971DE /* MainViewController.swift in Sources */ = {isa = PBXBuildFile; fileRef = CE4A3CAC2917818E003971DE /* MainViewController.swift */; };
		CE4A3CB32917818E003971DE /* MainViewController.xib in Resources */ = {isa = PBXBuildFile; fileRef = CE4A3CAD2917818E003971DE /* MainViewController.xib */; };
		CE4A3CB42917818E003971DE /* Item.swift in Sources */ = {isa = PBXBuildFile; fileRef = CE4A3CAF2917818E003971DE /* Item.swift */; };
		CE4A3CB52917818E003971DE /* Refrigerators.swift in Sources */ = {isa = PBXBuildFile; fileRef = CE4A3CB02917818E003971DE /* Refrigerators.swift */; };
		CE4A3CB62917818E003971DE /* ItemSearchTextField.swift in Sources */ = {isa = PBXBuildFile; fileRef = CE4A3CB12917818E003971DE /* ItemSearchTextField.swift */; };
		CE4A3CBA291781FC003971DE /* SnapKit in Frameworks */ = {isa = PBXBuildFile; productRef = CE4A3CB9291781FC003971DE /* SnapKit */; };
		CE84FAA9291F902C00FFB3E5 /* Items.swift in Sources */ = {isa = PBXBuildFile; fileRef = CE84FAA8291F902C00FFB3E5 /* Items.swift */; };
		CE8E00CB291BA1B000D50838 /* 경기천년제목_Bold.ttf in Resources */ = {isa = PBXBuildFile; fileRef = CE8E00C9291B998300D50838 /* 경기천년제목_Bold.ttf */; };
		CE8E00CC291BA1B200D50838 /* 경기천년제목_Light.ttf in Resources */ = {isa = PBXBuildFile; fileRef = CE8E00CA291B998300D50838 /* 경기천년제목_Light.ttf */; };
		CE8E00CE291BB75100D50838 /* Extension.swift in Sources */ = {isa = PBXBuildFile; fileRef = CE8E00CD291BB75100D50838 /* Extension.swift */; };
		CEADD2A6292079370003EDAF /* DataManager.swift in Sources */ = {isa = PBXBuildFile; fileRef = CEADD2A5292079370003EDAF /* DataManager.swift */; };
		CEBEE79C292A654A00E92FAE /* SettingListCell.swift in Sources */ = {isa = PBXBuildFile; fileRef = CEBEE798292A654A00E92FAE /* SettingListCell.swift */; };
		CEBEE79D292A654A00E92FAE /* SettingListCell.xib in Resources */ = {isa = PBXBuildFile; fileRef = CEBEE799292A654A00E92FAE /* SettingListCell.xib */; };
		CEBEE7A1292A656900E92FAE /* InsertFoodViewController.xib in Resources */ = {isa = PBXBuildFile; fileRef = CEBEE79F292A656900E92FAE /* InsertFoodViewController.xib */; };
		CEBEE7A2292A656900E92FAE /* InsertFoodViewController.swift in Sources */ = {isa = PBXBuildFile; fileRef = CEBEE7A0292A656900E92FAE /* InsertFoodViewController.swift */; };
		CEC217E5292B59760088E8E6 /* SettingViewController.swift in Sources */ = {isa = PBXBuildFile; fileRef = CEC217E3292B59760088E8E6 /* SettingViewController.swift */; };
		CEC217E6292B59760088E8E6 /* SettingViewController.xib in Resources */ = {isa = PBXBuildFile; fileRef = CEC217E4292B59760088E8E6 /* SettingViewController.xib */; };
		CEC217EB292B65B20088E8E6 /* Toast in Frameworks */ = {isa = PBXBuildFile; productRef = CEC217EA292B65B20088E8E6 /* Toast */; };
		CED8B138292CA7CE00CE6CAE /* AlertCell.swift in Sources */ = {isa = PBXBuildFile; fileRef = CED8B136292CA7CE00CE6CAE /* AlertCell.swift */; };
		CED8B139292CA7CE00CE6CAE /* AlertCell.xib in Resources */ = {isa = PBXBuildFile; fileRef = CED8B137292CA7CE00CE6CAE /* AlertCell.xib */; };
		CED8B13B292D150000CE6CAE /* Alert.swift in Sources */ = {isa = PBXBuildFile; fileRef = CED8B13A292D150000CE6CAE /* Alert.swift */; };
		CEFDD0DF291A200300E4FDBA /* AlertViewController.swift in Sources */ = {isa = PBXBuildFile; fileRef = CEFDD0DD291A200300E4FDBA /* AlertViewController.swift */; };
		CEFDD0E0291A200300E4FDBA /* AlertViewController.xib in Resources */ = {isa = PBXBuildFile; fileRef = CEFDD0DE291A200300E4FDBA /* AlertViewController.xib */; };
		CEFDD0E7291A232B00E4FDBA /* SharedFridgeViewController.swift in Sources */ = {isa = PBXBuildFile; fileRef = CEFDD0E5291A232B00E4FDBA /* SharedFridgeViewController.swift */; };
		CEFDD0E8291A232B00E4FDBA /* SharedFridgeViewController.xib in Resources */ = {isa = PBXBuildFile; fileRef = CEFDD0E6291A232B00E4FDBA /* SharedFridgeViewController.xib */; };
		CEFDD0EB291A24EB00E4FDBA /* TabBarController.swift in Sources */ = {isa = PBXBuildFile; fileRef = CEFDD0E9291A24EB00E4FDBA /* TabBarController.swift */; };
		CEFDD0EC291A24EB00E4FDBA /* TabBarController.xib in Resources */ = {isa = PBXBuildFile; fileRef = CEFDD0EA291A24EB00E4FDBA /* TabBarController.xib */; };
		D1B889CC290DFA04009EEA55 /* AppDelegate.swift in Sources */ = {isa = PBXBuildFile; fileRef = D1B889CB290DFA04009EEA55 /* AppDelegate.swift */; };
		D1B889CE290DFA04009EEA55 /* SceneDelegate.swift in Sources */ = {isa = PBXBuildFile; fileRef = D1B889CD290DFA04009EEA55 /* SceneDelegate.swift */; };
		D1B889D0290DFA04009EEA55 /* ViewController.swift in Sources */ = {isa = PBXBuildFile; fileRef = D1B889CF290DFA04009EEA55 /* ViewController.swift */; };
		D1B889D5290DFA06009EEA55 /* Assets.xcassets in Resources */ = {isa = PBXBuildFile; fileRef = D1B889D4290DFA06009EEA55 /* Assets.xcassets */; };
		D1B889D8290DFA06009EEA55 /* LaunchScreen.storyboard in Resources */ = {isa = PBXBuildFile; fileRef = D1B889D6290DFA06009EEA55 /* LaunchScreen.storyboard */; };
		D1BCE8362928991D008586F8 /* GoogleService-Info.plist in Resources */ = {isa = PBXBuildFile; fileRef = D1BCE8352928991D008586F8 /* GoogleService-Info.plist */; };
		D1BCE8552928A362008586F8 /* FirebaseAnalytics in Frameworks */ = {isa = PBXBuildFile; productRef = D1BCE8542928A362008586F8 /* FirebaseAnalytics */; };
		D1BCE8572928A362008586F8 /* FirebaseAnalyticsSwift in Frameworks */ = {isa = PBXBuildFile; productRef = D1BCE8562928A362008586F8 /* FirebaseAnalyticsSwift */; };
		D1BCE8592928A362008586F8 /* FirebaseAuth in Frameworks */ = {isa = PBXBuildFile; productRef = D1BCE8582928A362008586F8 /* FirebaseAuth */; };
		D1BCE85B2928A362008586F8 /* FirebaseCrashlytics in Frameworks */ = {isa = PBXBuildFile; productRef = D1BCE85A2928A362008586F8 /* FirebaseCrashlytics */; };
		D1BCE85D2928A362008586F8 /* FirebaseDatabase in Frameworks */ = {isa = PBXBuildFile; productRef = D1BCE85C2928A362008586F8 /* FirebaseDatabase */; };
		D1BCE85F2928A362008586F8 /* FirebaseDatabaseSwift in Frameworks */ = {isa = PBXBuildFile; productRef = D1BCE85E2928A362008586F8 /* FirebaseDatabaseSwift */; };
		D1BCE8612928A362008586F8 /* FirebaseFirestore in Frameworks */ = {isa = PBXBuildFile; productRef = D1BCE8602928A362008586F8 /* FirebaseFirestore */; };
		D1BCE8632928A362008586F8 /* FirebaseFirestoreSwift in Frameworks */ = {isa = PBXBuildFile; productRef = D1BCE8622928A362008586F8 /* FirebaseFirestoreSwift */; };
		D1BCE8652928A362008586F8 /* FirebaseMessaging in Frameworks */ = {isa = PBXBuildFile; productRef = D1BCE8642928A362008586F8 /* FirebaseMessaging */; };
		D1BCE8672928A362008586F8 /* FirebaseRemoteConfig in Frameworks */ = {isa = PBXBuildFile; productRef = D1BCE8662928A362008586F8 /* FirebaseRemoteConfig */; };
		D1BCE8692928A362008586F8 /* FirebaseStorage in Frameworks */ = {isa = PBXBuildFile; productRef = D1BCE8682928A362008586F8 /* FirebaseStorage */; };
/* End PBXBuildFile section */

/* Begin PBXFileReference section */
		8638475E291664520042033B /* Fridges.swift */ = {isa = PBXFileReference; lastKnownFileType = sourcecode.swift; path = Fridges.swift; sourceTree = "<group>"; };
		86384761291694600042033B /* Pretendard-ExtraLight.otf */ = {isa = PBXFileReference; lastKnownFileType = file; path = "Pretendard-ExtraLight.otf"; sourceTree = "<group>"; };
		86384762291694600042033B /* Pretendard-Light.otf */ = {isa = PBXFileReference; lastKnownFileType = file; path = "Pretendard-Light.otf"; sourceTree = "<group>"; };
		86384763291694600042033B /* Pretendard-Black.otf */ = {isa = PBXFileReference; lastKnownFileType = file; path = "Pretendard-Black.otf"; sourceTree = "<group>"; };
		86384764291694600042033B /* Pretendard-Bold.otf */ = {isa = PBXFileReference; lastKnownFileType = file; path = "Pretendard-Bold.otf"; sourceTree = "<group>"; };
		86384765291694600042033B /* Pretendard-Medium.otf */ = {isa = PBXFileReference; lastKnownFileType = file; path = "Pretendard-Medium.otf"; sourceTree = "<group>"; };
		86384766291694610042033B /* Pretendard-ExtraBold.otf */ = {isa = PBXFileReference; lastKnownFileType = file; path = "Pretendard-ExtraBold.otf"; sourceTree = "<group>"; };
		86384767291694610042033B /* Pretendard-Regular.otf */ = {isa = PBXFileReference; lastKnownFileType = file; path = "Pretendard-Regular.otf"; sourceTree = "<group>"; };
		86384768291694610042033B /* Pretendard-SemiBold.otf */ = {isa = PBXFileReference; lastKnownFileType = file; path = "Pretendard-SemiBold.otf"; sourceTree = "<group>"; };
		86384769291694610042033B /* Pretendard-Thin.otf */ = {isa = PBXFileReference; lastKnownFileType = file; path = "Pretendard-Thin.otf"; sourceTree = "<group>"; };
		866084072917A36100F108DD /* Constant.swift */ = {isa = PBXFileReference; lastKnownFileType = sourcecode.swift; path = Constant.swift; sourceTree = "<group>"; };
		866084092917ADF700F108DD /* DefaultFood.swift */ = {isa = PBXFileReference; lastKnownFileType = sourcecode.swift; path = DefaultFood.swift; sourceTree = "<group>"; };
		866799B32914DE3F004BB7B2 /* CopyLaunchViewController.swift */ = {isa = PBXFileReference; lastKnownFileType = sourcecode.swift; path = CopyLaunchViewController.swift; sourceTree = "<group>"; };
		866799B42914DE3F004BB7B2 /* CopyLaunchViewController.xib */ = {isa = PBXFileReference; lastKnownFileType = file.xib; path = CopyLaunchViewController.xib; sourceTree = "<group>"; };
		866799B92914E39F004BB7B2 /* PermissionViewController.swift */ = {isa = PBXFileReference; lastKnownFileType = sourcecode.swift; path = PermissionViewController.swift; sourceTree = "<group>"; };
		866799BA2914E39F004BB7B2 /* PermissionViewController.xib */ = {isa = PBXFileReference; lastKnownFileType = file.xib; path = PermissionViewController.xib; sourceTree = "<group>"; };
		866799C129161AB4004BB7B2 /* Users.swift */ = {isa = PBXFileReference; lastKnownFileType = sourcecode.swift; path = Users.swift; sourceTree = "<group>"; };
		8674D2CC2918D7B200FC3A46 /* FridgeDetailViewController.swift */ = {isa = PBXFileReference; lastKnownFileType = sourcecode.swift; path = FridgeDetailViewController.swift; sourceTree = "<group>"; };
		8674D2CD2918D7B200FC3A46 /* FridgeDetailViewController.xib */ = {isa = PBXFileReference; lastKnownFileType = file.xib; path = FridgeDetailViewController.xib; sourceTree = "<group>"; };
		8685D23F292B5DA90075281D /* SearchViewController.swift */ = {isa = PBXFileReference; lastKnownFileType = sourcecode.swift; path = SearchViewController.swift; sourceTree = "<group>"; };
		8685D240292B5DA90075281D /* SearchViewController.xib */ = {isa = PBXFileReference; lastKnownFileType = file.xib; path = SearchViewController.xib; sourceTree = "<group>"; };
		86ADE092292219FE005254F4 /* PopUpFoodCountUpdate.swift */ = {isa = PBXFileReference; lastKnownFileType = sourcecode.swift; path = PopUpFoodCountUpdate.swift; sourceTree = "<group>"; };
		86ADE093292219FE005254F4 /* PopUpFoodCountUpdate.xib */ = {isa = PBXFileReference; lastKnownFileType = file.xib; path = PopUpFoodCountUpdate.xib; sourceTree = "<group>"; };
		86ADE0962923D4ED005254F4 /* AddFoodViewController.swift */ = {isa = PBXFileReference; lastKnownFileType = sourcecode.swift; path = AddFoodViewController.swift; sourceTree = "<group>"; };
		86ADE0972923D4ED005254F4 /* AddFoodViewController.xib */ = {isa = PBXFileReference; lastKnownFileType = file.xib; path = AddFoodViewController.xib; sourceTree = "<group>"; };
		86C490D6291A2F2F00802C50 /* FridgeDetailCellTableViewCell.swift */ = {isa = PBXFileReference; lastKnownFileType = sourcecode.swift; path = FridgeDetailCellTableViewCell.swift; sourceTree = "<group>"; };
		86C490D7291A2F2F00802C50 /* FridgeDetailCellTableViewCell.xib */ = {isa = PBXFileReference; lastKnownFileType = file.xib; path = FridgeDetailCellTableViewCell.xib; sourceTree = "<group>"; };
		86E59704290E4D01008EA5B0 /* LoginViewController.swift */ = {isa = PBXFileReference; lastKnownFileType = sourcecode.swift; path = LoginViewController.swift; sourceTree = "<group>"; };
		86E59705290E4D01008EA5B0 /* LoginViewController.xib */ = {isa = PBXFileReference; lastKnownFileType = file.xib; path = LoginViewController.xib; sourceTree = "<group>"; };
		86E59709290E5F42008EA5B0 /* NickNameViewController.swift */ = {isa = PBXFileReference; lastKnownFileType = sourcecode.swift; path = NickNameViewController.swift; sourceTree = "<group>"; };
		86E5970A290E5F42008EA5B0 /* NickNameViewController.xib */ = {isa = PBXFileReference; lastKnownFileType = file.xib; path = NickNameViewController.xib; sourceTree = "<group>"; };
		CE4A3C9C29178161003971DE /* ItemCell.xib */ = {isa = PBXFileReference; fileEncoding = 4; lastKnownFileType = file.xib; path = ItemCell.xib; sourceTree = "<group>"; };
		CE4A3C9D29178161003971DE /* RefrigeSmallCell.xib */ = {isa = PBXFileReference; fileEncoding = 4; lastKnownFileType = file.xib; path = RefrigeSmallCell.xib; sourceTree = "<group>"; };
		CE4A3C9E29178161003971DE /* ItemCell.swift */ = {isa = PBXFileReference; fileEncoding = 4; lastKnownFileType = sourcecode.swift; path = ItemCell.swift; sourceTree = "<group>"; };
		CE4A3C9F29178161003971DE /* RefrigeItemListCell.swift */ = {isa = PBXFileReference; fileEncoding = 4; lastKnownFileType = sourcecode.swift; path = RefrigeItemListCell.swift; sourceTree = "<group>"; };
		CE4A3CA029178161003971DE /* RefrigeSmallCell.swift */ = {isa = PBXFileReference; fileEncoding = 4; lastKnownFileType = sourcecode.swift; path = RefrigeSmallCell.swift; sourceTree = "<group>"; };
		CE4A3CA129178161003971DE /* RefrigeLargeCell.xib */ = {isa = PBXFileReference; fileEncoding = 4; lastKnownFileType = file.xib; path = RefrigeLargeCell.xib; sourceTree = "<group>"; };
		CE4A3CA229178161003971DE /* RefrigeItemListCell.xib */ = {isa = PBXFileReference; fileEncoding = 4; lastKnownFileType = file.xib; path = RefrigeItemListCell.xib; sourceTree = "<group>"; };
		CE4A3CA329178161003971DE /* RefrigeLargeCell.swift */ = {isa = PBXFileReference; fileEncoding = 4; lastKnownFileType = sourcecode.swift; path = RefrigeLargeCell.swift; sourceTree = "<group>"; };
		CE4A3CAC2917818E003971DE /* MainViewController.swift */ = {isa = PBXFileReference; fileEncoding = 4; lastKnownFileType = sourcecode.swift; path = MainViewController.swift; sourceTree = "<group>"; };
		CE4A3CAD2917818E003971DE /* MainViewController.xib */ = {isa = PBXFileReference; fileEncoding = 4; lastKnownFileType = file.xib; path = MainViewController.xib; sourceTree = "<group>"; };
		CE4A3CAF2917818E003971DE /* Item.swift */ = {isa = PBXFileReference; fileEncoding = 4; lastKnownFileType = sourcecode.swift; path = Item.swift; sourceTree = "<group>"; };
		CE4A3CB02917818E003971DE /* Refrigerators.swift */ = {isa = PBXFileReference; fileEncoding = 4; lastKnownFileType = sourcecode.swift; path = Refrigerators.swift; sourceTree = "<group>"; };
		CE4A3CB12917818E003971DE /* ItemSearchTextField.swift */ = {isa = PBXFileReference; fileEncoding = 4; lastKnownFileType = sourcecode.swift; path = ItemSearchTextField.swift; sourceTree = "<group>"; };
		CE84FAA8291F902C00FFB3E5 /* Items.swift */ = {isa = PBXFileReference; lastKnownFileType = sourcecode.swift; path = Items.swift; sourceTree = "<group>"; };
		CE8E00C9291B998300D50838 /* 경기천년제목_Bold.ttf */ = {isa = PBXFileReference; lastKnownFileType = file; path = "경기천년제목_Bold.ttf"; sourceTree = "<group>"; };
		CE8E00CA291B998300D50838 /* 경기천년제목_Light.ttf */ = {isa = PBXFileReference; lastKnownFileType = file; path = "경기천년제목_Light.ttf"; sourceTree = "<group>"; };
		CE8E00CD291BB75100D50838 /* Extension.swift */ = {isa = PBXFileReference; lastKnownFileType = sourcecode.swift; path = Extension.swift; sourceTree = "<group>"; };
		CEADD2A5292079370003EDAF /* DataManager.swift */ = {isa = PBXFileReference; lastKnownFileType = sourcecode.swift; path = DataManager.swift; sourceTree = "<group>"; };
		CEBEE798292A654A00E92FAE /* SettingListCell.swift */ = {isa = PBXFileReference; fileEncoding = 4; lastKnownFileType = sourcecode.swift; path = SettingListCell.swift; sourceTree = "<group>"; };
		CEBEE799292A654A00E92FAE /* SettingListCell.xib */ = {isa = PBXFileReference; fileEncoding = 4; lastKnownFileType = file.xib; path = SettingListCell.xib; sourceTree = "<group>"; };
		CEBEE79F292A656900E92FAE /* InsertFoodViewController.xib */ = {isa = PBXFileReference; fileEncoding = 4; lastKnownFileType = file.xib; path = InsertFoodViewController.xib; sourceTree = "<group>"; };
		CEBEE7A0292A656900E92FAE /* InsertFoodViewController.swift */ = {isa = PBXFileReference; fileEncoding = 4; lastKnownFileType = sourcecode.swift; path = InsertFoodViewController.swift; sourceTree = "<group>"; };
		CEC217E3292B59760088E8E6 /* SettingViewController.swift */ = {isa = PBXFileReference; lastKnownFileType = sourcecode.swift; path = SettingViewController.swift; sourceTree = "<group>"; };
		CEC217E4292B59760088E8E6 /* SettingViewController.xib */ = {isa = PBXFileReference; lastKnownFileType = file.xib; path = SettingViewController.xib; sourceTree = "<group>"; };
		CED8B136292CA7CE00CE6CAE /* AlertCell.swift */ = {isa = PBXFileReference; lastKnownFileType = sourcecode.swift; path = AlertCell.swift; sourceTree = "<group>"; };
		CED8B137292CA7CE00CE6CAE /* AlertCell.xib */ = {isa = PBXFileReference; lastKnownFileType = file.xib; path = AlertCell.xib; sourceTree = "<group>"; };
		CED8B13A292D150000CE6CAE /* Alert.swift */ = {isa = PBXFileReference; lastKnownFileType = sourcecode.swift; path = Alert.swift; sourceTree = "<group>"; };
		CEFDD0DD291A200300E4FDBA /* AlertViewController.swift */ = {isa = PBXFileReference; lastKnownFileType = sourcecode.swift; path = AlertViewController.swift; sourceTree = "<group>"; };
		CEFDD0DE291A200300E4FDBA /* AlertViewController.xib */ = {isa = PBXFileReference; lastKnownFileType = file.xib; path = AlertViewController.xib; sourceTree = "<group>"; };
		CEFDD0E5291A232B00E4FDBA /* SharedFridgeViewController.swift */ = {isa = PBXFileReference; lastKnownFileType = sourcecode.swift; path = SharedFridgeViewController.swift; sourceTree = "<group>"; };
		CEFDD0E6291A232B00E4FDBA /* SharedFridgeViewController.xib */ = {isa = PBXFileReference; lastKnownFileType = file.xib; path = SharedFridgeViewController.xib; sourceTree = "<group>"; };
		CEFDD0E9291A24EB00E4FDBA /* TabBarController.swift */ = {isa = PBXFileReference; lastKnownFileType = sourcecode.swift; path = TabBarController.swift; sourceTree = "<group>"; };
		CEFDD0EA291A24EB00E4FDBA /* TabBarController.xib */ = {isa = PBXFileReference; lastKnownFileType = file.xib; path = TabBarController.xib; sourceTree = "<group>"; };
		D109A6302928B51E005DB80A /* HappyFridge.entitlements */ = {isa = PBXFileReference; lastKnownFileType = text.plist.entitlements; path = HappyFridge.entitlements; sourceTree = "<group>"; };
		D1B889C8290DFA04009EEA55 /* HappyFridge.app */ = {isa = PBXFileReference; explicitFileType = wrapper.application; includeInIndex = 0; path = HappyFridge.app; sourceTree = BUILT_PRODUCTS_DIR; };
		D1B889CB290DFA04009EEA55 /* AppDelegate.swift */ = {isa = PBXFileReference; lastKnownFileType = sourcecode.swift; path = AppDelegate.swift; sourceTree = "<group>"; };
		D1B889CD290DFA04009EEA55 /* SceneDelegate.swift */ = {isa = PBXFileReference; lastKnownFileType = sourcecode.swift; path = SceneDelegate.swift; sourceTree = "<group>"; };
		D1B889CF290DFA04009EEA55 /* ViewController.swift */ = {isa = PBXFileReference; lastKnownFileType = sourcecode.swift; path = ViewController.swift; sourceTree = "<group>"; };
		D1B889D4290DFA06009EEA55 /* Assets.xcassets */ = {isa = PBXFileReference; lastKnownFileType = folder.assetcatalog; path = Assets.xcassets; sourceTree = "<group>"; };
		D1B889D7290DFA06009EEA55 /* Base */ = {isa = PBXFileReference; lastKnownFileType = file.storyboard; name = Base; path = Base.lproj/LaunchScreen.storyboard; sourceTree = "<group>"; };
		D1B889D9290DFA06009EEA55 /* Info.plist */ = {isa = PBXFileReference; lastKnownFileType = text.plist.xml; path = Info.plist; sourceTree = "<group>"; };
		D1BCE8352928991D008586F8 /* GoogleService-Info.plist */ = {isa = PBXFileReference; fileEncoding = 4; lastKnownFileType = text.plist.xml; path = "GoogleService-Info.plist"; sourceTree = "<group>"; };
/* End PBXFileReference section */

/* Begin PBXFrameworksBuildPhase section */
		D1B889C5290DFA04009EEA55 /* Frameworks */ = {
			isa = PBXFrameworksBuildPhase;
			buildActionMask = 2147483647;
			files = (
				D1BCE8652928A362008586F8 /* FirebaseMessaging in Frameworks */,
				D1BCE85F2928A362008586F8 /* FirebaseDatabaseSwift in Frameworks */,
				D1BCE8632928A362008586F8 /* FirebaseFirestoreSwift in Frameworks */,
				86E596F3290E3B85008EA5B0 /* KakaoSDKCommon in Frameworks */,
				86E596F7290E3B85008EA5B0 /* KakaoSDKShare in Frameworks */,
				86E596FD290E3B85008EA5B0 /* KakaoSDKTemplate in Frameworks */,
				D1BCE8572928A362008586F8 /* FirebaseAnalyticsSwift in Frameworks */,
				D1BCE8612928A362008586F8 /* FirebaseFirestore in Frameworks */,
				86E596F1290E3B85008EA5B0 /* KakaoSDKAuth in Frameworks */,
				86E596FF290E3B85008EA5B0 /* KakaoSDKUser in Frameworks */,
				D1BCE8672928A362008586F8 /* FirebaseRemoteConfig in Frameworks */,
				86E596FB290E3B85008EA5B0 /* KakaoSDKTalk in Frameworks */,
				CEC217EB292B65B20088E8E6 /* Toast in Frameworks */,
				D1BCE8592928A362008586F8 /* FirebaseAuth in Frameworks */,
				D1BCE8692928A362008586F8 /* FirebaseStorage in Frameworks */,
				86E596F9290E3B85008EA5B0 /* KakaoSDKStory in Frameworks */,
				D1BCE85B2928A362008586F8 /* FirebaseCrashlytics in Frameworks */,
				86E596F5290E3B85008EA5B0 /* KakaoSDKCommonCore in Frameworks */,
				D1BCE8552928A362008586F8 /* FirebaseAnalytics in Frameworks */,
				D1BCE85D2928A362008586F8 /* FirebaseDatabase in Frameworks */,
				CE4A3CBA291781FC003971DE /* SnapKit in Frameworks */,
			);
			runOnlyForDeploymentPostprocessing = 0;
		};
/* End PBXFrameworksBuildPhase section */

/* Begin PBXGroup section */
		86384760291693DB0042033B /* Fonts */ = {
			isa = PBXGroup;
			children = (
				CE8E00C9291B998300D50838 /* 경기천년제목_Bold.ttf */,
				CE8E00CA291B998300D50838 /* 경기천년제목_Light.ttf */,
				86384763291694600042033B /* Pretendard-Black.otf */,
				86384764291694600042033B /* Pretendard-Bold.otf */,
				86384766291694610042033B /* Pretendard-ExtraBold.otf */,
				86384761291694600042033B /* Pretendard-ExtraLight.otf */,
				86384762291694600042033B /* Pretendard-Light.otf */,
				86384765291694600042033B /* Pretendard-Medium.otf */,
				86384767291694610042033B /* Pretendard-Regular.otf */,
				86384768291694610042033B /* Pretendard-SemiBold.otf */,
				86384769291694610042033B /* Pretendard-Thin.otf */,
			);
			path = Fonts;
			sourceTree = "<group>";
		};
		866084062917A33B00F108DD /* Comman */ = {
			isa = PBXGroup;
			children = (
				866084072917A36100F108DD /* Constant.swift */,
			);
			path = Comman;
			sourceTree = "<group>";
		};
		866799B22914DE0B004BB7B2 /* LaunchScreen */ = {
			isa = PBXGroup;
			children = (
				866799B32914DE3F004BB7B2 /* CopyLaunchViewController.swift */,
				866799B42914DE3F004BB7B2 /* CopyLaunchViewController.xib */,
			);
			path = LaunchScreen;
			sourceTree = "<group>";
		};
		866799B82914E38D004BB7B2 /* Permission */ = {
			isa = PBXGroup;
			children = (
				866799B92914E39F004BB7B2 /* PermissionViewController.swift */,
				866799BA2914E39F004BB7B2 /* PermissionViewController.xib */,
			);
			path = Permission;
			sourceTree = "<group>";
		};
		8674D2CB2918D78C00FC3A46 /* FridgeDetail */ = {
			isa = PBXGroup;
			children = (
				8674D2CC2918D7B200FC3A46 /* FridgeDetailViewController.swift */,
				8674D2CD2918D7B200FC3A46 /* FridgeDetailViewController.xib */,
				86C490D6291A2F2F00802C50 /* FridgeDetailCellTableViewCell.swift */,
				86C490D7291A2F2F00802C50 /* FridgeDetailCellTableViewCell.xib */,
				86ADE092292219FE005254F4 /* PopUpFoodCountUpdate.swift */,
				86ADE093292219FE005254F4 /* PopUpFoodCountUpdate.xib */,
				86ADE0962923D4ED005254F4 /* AddFoodViewController.swift */,
				86ADE0972923D4ED005254F4 /* AddFoodViewController.xib */,
				8685D23F292B5DA90075281D /* SearchViewController.swift */,
				8685D240292B5DA90075281D /* SearchViewController.xib */,
			);
			path = FridgeDetail;
			sourceTree = "<group>";
		};
		86DE9C1A29126B970090073A /* Model */ = {
			isa = PBXGroup;
			children = (
				866799C129161AB4004BB7B2 /* Users.swift */,
				8638475E291664520042033B /* Fridges.swift */,
			);
			path = Model;
			sourceTree = "<group>";
		};
		86E596EA290E2880008EA5B0 /* Login */ = {
			isa = PBXGroup;
			children = (
				86E59704290E4D01008EA5B0 /* LoginViewController.swift */,
				86E59705290E4D01008EA5B0 /* LoginViewController.xib */,
			);
			path = Login;
			sourceTree = "<group>";
		};
		86E59708290E5F23008EA5B0 /* NickName */ = {
			isa = PBXGroup;
			children = (
				86E59709290E5F42008EA5B0 /* NickNameViewController.swift */,
				86E5970A290E5F42008EA5B0 /* NickNameViewController.xib */,
			);
			path = NickName;
			sourceTree = "<group>";
		};
		CE4A3C9B29178161003971DE /* Cells */ = {
			isa = PBXGroup;
			children = (
				CE4A3C9E29178161003971DE /* ItemCell.swift */,
				CE4A3C9C29178161003971DE /* ItemCell.xib */,
				CE4A3CA029178161003971DE /* RefrigeSmallCell.swift */,
				CE4A3C9D29178161003971DE /* RefrigeSmallCell.xib */,
				CE4A3C9F29178161003971DE /* RefrigeItemListCell.swift */,
				CE4A3CA229178161003971DE /* RefrigeItemListCell.xib */,
				CE4A3CA329178161003971DE /* RefrigeLargeCell.swift */,
				CE4A3CA129178161003971DE /* RefrigeLargeCell.xib */,
				CED8B136292CA7CE00CE6CAE /* AlertCell.swift */,
				CED8B137292CA7CE00CE6CAE /* AlertCell.xib */,
			);
			path = Cells;
			sourceTree = "<group>";
		};
		CE4A3CAE2917818E003971DE /* Models */ = {
			isa = PBXGroup;
			children = (
				CE4A3CAF2917818E003971DE /* Item.swift */,
				CE84FAA8291F902C00FFB3E5 /* Items.swift */,
				CE4A3CB02917818E003971DE /* Refrigerators.swift */,
				866084092917ADF700F108DD /* DefaultFood.swift */,
				CEADD2A5292079370003EDAF /* DataManager.swift */,
			);
			path = Models;
			sourceTree = "<group>";
		};
		CE4A3CB7291781A5003971DE /* Main */ = {
			isa = PBXGroup;
			children = (
				CEBEE7A0292A656900E92FAE /* InsertFoodViewController.swift */,
				CEBEE79F292A656900E92FAE /* InsertFoodViewController.xib */,
				CEBEE796292A654A00E92FAE /* Setting */,
				CE4A3CB12917818E003971DE /* ItemSearchTextField.swift */,
				CEFDD0E9291A24EB00E4FDBA /* TabBarController.swift */,
				CEFDD0EA291A24EB00E4FDBA /* TabBarController.xib */,
				CE4A3CAC2917818E003971DE /* MainViewController.swift */,
				CE4A3CAD2917818E003971DE /* MainViewController.xib */,
				CEFDD0E5291A232B00E4FDBA /* SharedFridgeViewController.swift */,
				CEFDD0E6291A232B00E4FDBA /* SharedFridgeViewController.xib */,
				CEFDD0DD291A200300E4FDBA /* AlertViewController.swift */,
				CEFDD0DE291A200300E4FDBA /* AlertViewController.xib */,
				CED8B13A292D150000CE6CAE /* Alert.swift */,
			);
			path = Main;
			sourceTree = "<group>";
		};
		CEBEE796292A654A00E92FAE /* Setting */ = {
			isa = PBXGroup;
			children = (
				CEBEE798292A654A00E92FAE /* SettingListCell.swift */,
				CEBEE799292A654A00E92FAE /* SettingListCell.xib */,
				CEC217E3292B59760088E8E6 /* SettingViewController.swift */,
				CEC217E4292B59760088E8E6 /* SettingViewController.xib */,
			);
			path = Setting;
			sourceTree = "<group>";
		};
		D1B889BF290DFA04009EEA55 = {
			isa = PBXGroup;
			children = (
				D1B889CA290DFA04009EEA55 /* HappyFridge */,
				D1B889C9290DFA04009EEA55 /* Products */,
			);
			sourceTree = "<group>";
		};
		D1B889C9290DFA04009EEA55 /* Products */ = {
			isa = PBXGroup;
			children = (
				D1B889C8290DFA04009EEA55 /* HappyFridge.app */,
			);
			name = Products;
			sourceTree = "<group>";
		};
		D1B889CA290DFA04009EEA55 /* HappyFridge */ = {
			isa = PBXGroup;
			children = (
				D109A6302928B51E005DB80A /* HappyFridge.entitlements */,
				CE8E00CD291BB75100D50838 /* Extension.swift */,
				8674D2CB2918D78C00FC3A46 /* FridgeDetail */,
				866084062917A33B00F108DD /* Comman */,
				CE4A3CB7291781A5003971DE /* Main */,
				CE4A3CAE2917818E003971DE /* Models */,
				CE4A3C9B29178161003971DE /* Cells */,
				86384760291693DB0042033B /* Fonts */,
				866799B82914E38D004BB7B2 /* Permission */,
				866799B22914DE0B004BB7B2 /* LaunchScreen */,
				86DE9C1A29126B970090073A /* Model */,
				86E59708290E5F23008EA5B0 /* NickName */,
				86E596EA290E2880008EA5B0 /* Login */,
				D1B889CB290DFA04009EEA55 /* AppDelegate.swift */,
				D1B889CD290DFA04009EEA55 /* SceneDelegate.swift */,
				D1B889CF290DFA04009EEA55 /* ViewController.swift */,
				D1B889D4290DFA06009EEA55 /* Assets.xcassets */,
				D1B889D6290DFA06009EEA55 /* LaunchScreen.storyboard */,
				D1B889D9290DFA06009EEA55 /* Info.plist */,
				D1BCE8352928991D008586F8 /* GoogleService-Info.plist */,
			);
			path = HappyFridge;
			sourceTree = "<group>";
		};
/* End PBXGroup section */

/* Begin PBXNativeTarget section */
		D1B889C7290DFA04009EEA55 /* HappyFridge */ = {
			isa = PBXNativeTarget;
			buildConfigurationList = D1B889DC290DFA06009EEA55 /* Build configuration list for PBXNativeTarget "HappyFridge" */;
			buildPhases = (
				D1B889C4290DFA04009EEA55 /* Sources */,
				D1B889C5290DFA04009EEA55 /* Frameworks */,
				D1B889C6290DFA04009EEA55 /* Resources */,
			);
			buildRules = (
			);
			dependencies = (
			);
			name = HappyFridge;
			packageProductDependencies = (
				86E596F0290E3B85008EA5B0 /* KakaoSDKAuth */,
				86E596F2290E3B85008EA5B0 /* KakaoSDKCommon */,
				86E596F4290E3B85008EA5B0 /* KakaoSDKCommonCore */,
				86E596F6290E3B85008EA5B0 /* KakaoSDKShare */,
				86E596F8290E3B85008EA5B0 /* KakaoSDKStory */,
				86E596FA290E3B85008EA5B0 /* KakaoSDKTalk */,
				86E596FC290E3B85008EA5B0 /* KakaoSDKTemplate */,
				86E596FE290E3B85008EA5B0 /* KakaoSDKUser */,
				CE4A3CB9291781FC003971DE /* SnapKit */,
				D1BCE8542928A362008586F8 /* FirebaseAnalytics */,
				D1BCE8562928A362008586F8 /* FirebaseAnalyticsSwift */,
				D1BCE8582928A362008586F8 /* FirebaseAuth */,
				D1BCE85A2928A362008586F8 /* FirebaseCrashlytics */,
				D1BCE85C2928A362008586F8 /* FirebaseDatabase */,
				D1BCE85E2928A362008586F8 /* FirebaseDatabaseSwift */,
				D1BCE8602928A362008586F8 /* FirebaseFirestore */,
				D1BCE8622928A362008586F8 /* FirebaseFirestoreSwift */,
				D1BCE8642928A362008586F8 /* FirebaseMessaging */,
				D1BCE8662928A362008586F8 /* FirebaseRemoteConfig */,
				D1BCE8682928A362008586F8 /* FirebaseStorage */,
				CEC217EA292B65B20088E8E6 /* Toast */,
			);
			productName = HappyFridge;
			productReference = D1B889C8290DFA04009EEA55 /* HappyFridge.app */;
			productType = "com.apple.product-type.application";
		};
/* End PBXNativeTarget section */

/* Begin PBXProject section */
		D1B889C0290DFA04009EEA55 /* Project object */ = {
			isa = PBXProject;
			attributes = {
				BuildIndependentTargetsInParallel = 1;
				LastSwiftUpdateCheck = 1400;
				LastUpgradeCheck = 1400;
				TargetAttributes = {
					D1B889C7290DFA04009EEA55 = {
						CreatedOnToolsVersion = 14.0;
					};
				};
			};
			buildConfigurationList = D1B889C3290DFA04009EEA55 /* Build configuration list for PBXProject "HappyFridge" */;
			compatibilityVersion = "Xcode 14.0";
			developmentRegion = en;
			hasScannedForEncodings = 0;
			knownRegions = (
				en,
				Base,
			);
			mainGroup = D1B889BF290DFA04009EEA55;
			packageReferences = (
				86E596EF290E3B85008EA5B0 /* XCRemoteSwiftPackageReference "kakao-ios-sdk" */,
				CE4A3CB8291781FC003971DE /* XCRemoteSwiftPackageReference "SnapKit" */,
				D1BCE8532928A362008586F8 /* XCRemoteSwiftPackageReference "firebase-ios-sdk" */,
				CEC217E9292B65B10088E8E6 /* XCRemoteSwiftPackageReference "Toast-Swift" */,
			);
			productRefGroup = D1B889C9290DFA04009EEA55 /* Products */;
			projectDirPath = "";
			projectRoot = "";
			targets = (
				D1B889C7290DFA04009EEA55 /* HappyFridge */,
			);
		};
/* End PBXProject section */

/* Begin PBXResourcesBuildPhase section */
		D1B889C6290DFA04009EEA55 /* Resources */ = {
			isa = PBXResourcesBuildPhase;
			buildActionMask = 2147483647;
			files = (
				CEC217E6292B59760088E8E6 /* SettingViewController.xib in Resources */,
				8638476D291694610042033B /* Pretendard-Bold.otf in Resources */,
				866799BC2914E39F004BB7B2 /* PermissionViewController.xib in Resources */,
				86E5970C290E5F42008EA5B0 /* NickNameViewController.xib in Resources */,
				86384772291694610042033B /* Pretendard-Thin.otf in Resources */,
				8674D2CF2918D7B200FC3A46 /* FridgeDetailViewController.xib in Resources */,
				8638476A291694610042033B /* Pretendard-ExtraLight.otf in Resources */,
				CEFDD0E0291A200300E4FDBA /* AlertViewController.xib in Resources */,
				CEFDD0E8291A232B00E4FDBA /* SharedFridgeViewController.xib in Resources */,
				CE8E00CB291BA1B000D50838 /* 경기천년제목_Bold.ttf in Resources */,
				CE8E00CC291BA1B200D50838 /* 경기천년제목_Light.ttf in Resources */,
				CE4A3CA429178161003971DE /* ItemCell.xib in Resources */,
				D1B889D8290DFA06009EEA55 /* LaunchScreen.storyboard in Resources */,
				CEBEE7A1292A656900E92FAE /* InsertFoodViewController.xib in Resources */,
				86ADE0992923D4ED005254F4 /* AddFoodViewController.xib in Resources */,
				CE4A3CAA29178161003971DE /* RefrigeItemListCell.xib in Resources */,
				D1BCE8362928991D008586F8 /* GoogleService-Info.plist in Resources */,
				8638476C291694610042033B /* Pretendard-Black.otf in Resources */,
				CED8B139292CA7CE00CE6CAE /* AlertCell.xib in Resources */,
				CEFDD0EC291A24EB00E4FDBA /* TabBarController.xib in Resources */,
				866799B62914DE3F004BB7B2 /* CopyLaunchViewController.xib in Resources */,
				CE4A3CA929178161003971DE /* RefrigeLargeCell.xib in Resources */,
				CE4A3CA529178161003971DE /* RefrigeSmallCell.xib in Resources */,
				D1B889D5290DFA06009EEA55 /* Assets.xcassets in Resources */,
				8638476F291694610042033B /* Pretendard-ExtraBold.otf in Resources */,
				86E59707290E4D01008EA5B0 /* LoginViewController.xib in Resources */,
				86ADE095292219FE005254F4 /* PopUpFoodCountUpdate.xib in Resources */,
				86384770291694610042033B /* Pretendard-Regular.otf in Resources */,
				86384771291694610042033B /* Pretendard-SemiBold.otf in Resources */,
				8638476B291694610042033B /* Pretendard-Light.otf in Resources */,
				86C490D9291A2F2F00802C50 /* FridgeDetailCellTableViewCell.xib in Resources */,
				8685D242292B5DA90075281D /* SearchViewController.xib in Resources */,
				CE4A3CB32917818E003971DE /* MainViewController.xib in Resources */,
				CEBEE79D292A654A00E92FAE /* SettingListCell.xib in Resources */,
				8638476E291694610042033B /* Pretendard-Medium.otf in Resources */,
			);
			runOnlyForDeploymentPostprocessing = 0;
		};
/* End PBXResourcesBuildPhase section */

/* Begin PBXSourcesBuildPhase section */
		D1B889C4290DFA04009EEA55 /* Sources */ = {
			isa = PBXSourcesBuildPhase;
			buildActionMask = 2147483647;
			files = (
				866799BB2914E39F004BB7B2 /* PermissionViewController.swift in Sources */,
				CEFDD0DF291A200300E4FDBA /* AlertViewController.swift in Sources */,
				866799C229161AB4004BB7B2 /* Users.swift in Sources */,
				86E5970B290E5F42008EA5B0 /* NickNameViewController.swift in Sources */,
				CE84FAA9291F902C00FFB3E5 /* Items.swift in Sources */,
				866799B52914DE3F004BB7B2 /* CopyLaunchViewController.swift in Sources */,
				CEFDD0EB291A24EB00E4FDBA /* TabBarController.swift in Sources */,
				CE4A3CAB29178161003971DE /* RefrigeLargeCell.swift in Sources */,
				CE4A3CA629178161003971DE /* ItemCell.swift in Sources */,
				8660840A2917ADF700F108DD /* DefaultFood.swift in Sources */,
				CEBEE79C292A654A00E92FAE /* SettingListCell.swift in Sources */,
				86ADE0982923D4ED005254F4 /* AddFoodViewController.swift in Sources */,
				8685D241292B5DA90075281D /* SearchViewController.swift in Sources */,
				CED8B13B292D150000CE6CAE /* Alert.swift in Sources */,
				CE8E00CE291BB75100D50838 /* Extension.swift in Sources */,
				86ADE094292219FE005254F4 /* PopUpFoodCountUpdate.swift in Sources */,
				86E59706290E4D01008EA5B0 /* LoginViewController.swift in Sources */,
				CE4A3CB22917818E003971DE /* MainViewController.swift in Sources */,
				CE4A3CA829178161003971DE /* RefrigeSmallCell.swift in Sources */,
				CE4A3CB52917818E003971DE /* Refrigerators.swift in Sources */,
				CED8B138292CA7CE00CE6CAE /* AlertCell.swift in Sources */,
				8638475F291664520042033B /* Fridges.swift in Sources */,
				8674D2CE2918D7B200FC3A46 /* FridgeDetailViewController.swift in Sources */,
				CEADD2A6292079370003EDAF /* DataManager.swift in Sources */,
				CEC217E5292B59760088E8E6 /* SettingViewController.swift in Sources */,
				866084082917A36100F108DD /* Constant.swift in Sources */,
				CE4A3CB42917818E003971DE /* Item.swift in Sources */,
				D1B889D0290DFA04009EEA55 /* ViewController.swift in Sources */,
				CE4A3CA729178161003971DE /* RefrigeItemListCell.swift in Sources */,
				D1B889CC290DFA04009EEA55 /* AppDelegate.swift in Sources */,
				CEBEE7A2292A656900E92FAE /* InsertFoodViewController.swift in Sources */,
				D1B889CE290DFA04009EEA55 /* SceneDelegate.swift in Sources */,
				CEFDD0E7291A232B00E4FDBA /* SharedFridgeViewController.swift in Sources */,
				CE4A3CB62917818E003971DE /* ItemSearchTextField.swift in Sources */,
				86C490D8291A2F2F00802C50 /* FridgeDetailCellTableViewCell.swift in Sources */,
			);
			runOnlyForDeploymentPostprocessing = 0;
		};
/* End PBXSourcesBuildPhase section */

/* Begin PBXVariantGroup section */
		D1B889D6290DFA06009EEA55 /* LaunchScreen.storyboard */ = {
			isa = PBXVariantGroup;
			children = (
				D1B889D7290DFA06009EEA55 /* Base */,
			);
			name = LaunchScreen.storyboard;
			sourceTree = "<group>";
		};
/* End PBXVariantGroup section */

/* Begin XCBuildConfiguration section */
		D1B889DA290DFA06009EEA55 /* Debug */ = {
			isa = XCBuildConfiguration;
			buildSettings = {
				ALWAYS_SEARCH_USER_PATHS = NO;
				CLANG_ANALYZER_NONNULL = YES;
				CLANG_ANALYZER_NUMBER_OBJECT_CONVERSION = YES_AGGRESSIVE;
				CLANG_CXX_LANGUAGE_STANDARD = "gnu++20";
				CLANG_ENABLE_MODULES = YES;
				CLANG_ENABLE_OBJC_ARC = YES;
				CLANG_ENABLE_OBJC_WEAK = YES;
				CLANG_WARN_BLOCK_CAPTURE_AUTORELEASING = YES;
				CLANG_WARN_BOOL_CONVERSION = YES;
				CLANG_WARN_COMMA = YES;
				CLANG_WARN_CONSTANT_CONVERSION = YES;
				CLANG_WARN_DEPRECATED_OBJC_IMPLEMENTATIONS = YES;
				CLANG_WARN_DIRECT_OBJC_ISA_USAGE = YES_ERROR;
				CLANG_WARN_DOCUMENTATION_COMMENTS = YES;
				CLANG_WARN_EMPTY_BODY = YES;
				CLANG_WARN_ENUM_CONVERSION = YES;
				CLANG_WARN_INFINITE_RECURSION = YES;
				CLANG_WARN_INT_CONVERSION = YES;
				CLANG_WARN_NON_LITERAL_NULL_CONVERSION = YES;
				CLANG_WARN_OBJC_IMPLICIT_RETAIN_SELF = YES;
				CLANG_WARN_OBJC_LITERAL_CONVERSION = YES;
				CLANG_WARN_OBJC_ROOT_CLASS = YES_ERROR;
				CLANG_WARN_QUOTED_INCLUDE_IN_FRAMEWORK_HEADER = YES;
				CLANG_WARN_RANGE_LOOP_ANALYSIS = YES;
				CLANG_WARN_STRICT_PROTOTYPES = YES;
				CLANG_WARN_SUSPICIOUS_MOVE = YES;
				CLANG_WARN_UNGUARDED_AVAILABILITY = YES_AGGRESSIVE;
				CLANG_WARN_UNREACHABLE_CODE = YES;
				CLANG_WARN__DUPLICATE_METHOD_MATCH = YES;
				COPY_PHASE_STRIP = NO;
				DEBUG_INFORMATION_FORMAT = dwarf;
				ENABLE_STRICT_OBJC_MSGSEND = YES;
				ENABLE_TESTABILITY = YES;
				GCC_C_LANGUAGE_STANDARD = gnu11;
				GCC_DYNAMIC_NO_PIC = NO;
				GCC_NO_COMMON_BLOCKS = YES;
				GCC_OPTIMIZATION_LEVEL = 0;
				GCC_PREPROCESSOR_DEFINITIONS = (
					"DEBUG=1",
					"$(inherited)",
				);
				GCC_WARN_64_TO_32_BIT_CONVERSION = YES;
				GCC_WARN_ABOUT_RETURN_TYPE = YES_ERROR;
				GCC_WARN_UNDECLARED_SELECTOR = YES;
				GCC_WARN_UNINITIALIZED_AUTOS = YES_AGGRESSIVE;
				GCC_WARN_UNUSED_FUNCTION = YES;
				GCC_WARN_UNUSED_VARIABLE = YES;
				IPHONEOS_DEPLOYMENT_TARGET = 16.0;
				MTL_ENABLE_DEBUG_INFO = INCLUDE_SOURCE;
				MTL_FAST_MATH = YES;
				ONLY_ACTIVE_ARCH = YES;
				SDKROOT = iphoneos;
				SWIFT_ACTIVE_COMPILATION_CONDITIONS = DEBUG;
				SWIFT_OPTIMIZATION_LEVEL = "-Onone";
			};
			name = Debug;
		};
		D1B889DB290DFA06009EEA55 /* Release */ = {
			isa = XCBuildConfiguration;
			buildSettings = {
				ALWAYS_SEARCH_USER_PATHS = NO;
				CLANG_ANALYZER_NONNULL = YES;
				CLANG_ANALYZER_NUMBER_OBJECT_CONVERSION = YES_AGGRESSIVE;
				CLANG_CXX_LANGUAGE_STANDARD = "gnu++20";
				CLANG_ENABLE_MODULES = YES;
				CLANG_ENABLE_OBJC_ARC = YES;
				CLANG_ENABLE_OBJC_WEAK = YES;
				CLANG_WARN_BLOCK_CAPTURE_AUTORELEASING = YES;
				CLANG_WARN_BOOL_CONVERSION = YES;
				CLANG_WARN_COMMA = YES;
				CLANG_WARN_CONSTANT_CONVERSION = YES;
				CLANG_WARN_DEPRECATED_OBJC_IMPLEMENTATIONS = YES;
				CLANG_WARN_DIRECT_OBJC_ISA_USAGE = YES_ERROR;
				CLANG_WARN_DOCUMENTATION_COMMENTS = YES;
				CLANG_WARN_EMPTY_BODY = YES;
				CLANG_WARN_ENUM_CONVERSION = YES;
				CLANG_WARN_INFINITE_RECURSION = YES;
				CLANG_WARN_INT_CONVERSION = YES;
				CLANG_WARN_NON_LITERAL_NULL_CONVERSION = YES;
				CLANG_WARN_OBJC_IMPLICIT_RETAIN_SELF = YES;
				CLANG_WARN_OBJC_LITERAL_CONVERSION = YES;
				CLANG_WARN_OBJC_ROOT_CLASS = YES_ERROR;
				CLANG_WARN_QUOTED_INCLUDE_IN_FRAMEWORK_HEADER = YES;
				CLANG_WARN_RANGE_LOOP_ANALYSIS = YES;
				CLANG_WARN_STRICT_PROTOTYPES = YES;
				CLANG_WARN_SUSPICIOUS_MOVE = YES;
				CLANG_WARN_UNGUARDED_AVAILABILITY = YES_AGGRESSIVE;
				CLANG_WARN_UNREACHABLE_CODE = YES;
				CLANG_WARN__DUPLICATE_METHOD_MATCH = YES;
				COPY_PHASE_STRIP = NO;
				DEBUG_INFORMATION_FORMAT = "dwarf-with-dsym";
				ENABLE_NS_ASSERTIONS = NO;
				ENABLE_STRICT_OBJC_MSGSEND = YES;
				GCC_C_LANGUAGE_STANDARD = gnu11;
				GCC_NO_COMMON_BLOCKS = YES;
				GCC_WARN_64_TO_32_BIT_CONVERSION = YES;
				GCC_WARN_ABOUT_RETURN_TYPE = YES_ERROR;
				GCC_WARN_UNDECLARED_SELECTOR = YES;
				GCC_WARN_UNINITIALIZED_AUTOS = YES_AGGRESSIVE;
				GCC_WARN_UNUSED_FUNCTION = YES;
				GCC_WARN_UNUSED_VARIABLE = YES;
				IPHONEOS_DEPLOYMENT_TARGET = 16.0;
				MTL_ENABLE_DEBUG_INFO = NO;
				MTL_FAST_MATH = YES;
				SDKROOT = iphoneos;
				SWIFT_COMPILATION_MODE = wholemodule;
				SWIFT_OPTIMIZATION_LEVEL = "-O";
				VALIDATE_PRODUCT = YES;
			};
			name = Release;
		};
		D1B889DD290DFA06009EEA55 /* Debug */ = {
			isa = XCBuildConfiguration;
			buildSettings = {
				ASSETCATALOG_COMPILER_APPICON_NAME = AppIcon;
				ASSETCATALOG_COMPILER_GLOBAL_ACCENT_COLOR_NAME = AccentColor;
				CODE_SIGN_ENTITLEMENTS = HappyFridge/HappyFridge.entitlements;
				"CODE_SIGN_IDENTITY[sdk=iphoneos*]" = "iPhone Developer";
				CODE_SIGN_STYLE = Manual;
				CURRENT_PROJECT_VERSION = 1;
				DEVELOPMENT_TEAM = "";
				"DEVELOPMENT_TEAM[sdk=iphoneos*]" = 9SY2YSK7KA;
				GENERATE_INFOPLIST_FILE = YES;
				INFOPLIST_FILE = HappyFridge/Info.plist;
				INFOPLIST_KEY_UIApplicationSupportsIndirectInputEvents = YES;
				INFOPLIST_KEY_UILaunchStoryboardName = LaunchScreen;
				INFOPLIST_KEY_UISupportedInterfaceOrientations = "UIInterfaceOrientationLandscapeLeft UIInterfaceOrientationLandscapeRight UIInterfaceOrientationPortrait";
				INFOPLIST_KEY_UISupportedInterfaceOrientations_iPad = "UIInterfaceOrientationLandscapeLeft UIInterfaceOrientationLandscapeRight UIInterfaceOrientationPortrait UIInterfaceOrientationPortraitUpsideDown";
				LD_RUNPATH_SEARCH_PATHS = (
					"$(inherited)",
					"@executable_path/Frameworks",
				);
				MARKETING_VERSION = 1.0;
				PRODUCT_BUNDLE_IDENTIFIER = kr.happysmile.fridge;
				PRODUCT_NAME = "$(TARGET_NAME)";
				PROVISIONING_PROFILE_SPECIFIER = "";
				"PROVISIONING_PROFILE_SPECIFIER[sdk=iphoneos*]" = fridge_dev2;
				SWIFT_EMIT_LOC_STRINGS = YES;
				SWIFT_VERSION = 5.0;
				TARGETED_DEVICE_FAMILY = "1,2";
			};
			name = Debug;
		};
		D1B889DE290DFA06009EEA55 /* Release */ = {
			isa = XCBuildConfiguration;
			buildSettings = {
				ASSETCATALOG_COMPILER_APPICON_NAME = AppIcon;
				ASSETCATALOG_COMPILER_GLOBAL_ACCENT_COLOR_NAME = AccentColor;
				CODE_SIGN_ENTITLEMENTS = HappyFridge/HappyFridge.entitlements;
				"CODE_SIGN_IDENTITY[sdk=iphoneos*]" = "iPhone Developer";
				CODE_SIGN_STYLE = Manual;
				CURRENT_PROJECT_VERSION = 1;
				DEVELOPMENT_TEAM = "";
				"DEVELOPMENT_TEAM[sdk=iphoneos*]" = 9SY2YSK7KA;
				GENERATE_INFOPLIST_FILE = YES;
				INFOPLIST_FILE = HappyFridge/Info.plist;
				INFOPLIST_KEY_UIApplicationSupportsIndirectInputEvents = YES;
				INFOPLIST_KEY_UILaunchStoryboardName = LaunchScreen;
				INFOPLIST_KEY_UISupportedInterfaceOrientations = "UIInterfaceOrientationLandscapeLeft UIInterfaceOrientationLandscapeRight UIInterfaceOrientationPortrait";
				INFOPLIST_KEY_UISupportedInterfaceOrientations_iPad = "UIInterfaceOrientationLandscapeLeft UIInterfaceOrientationLandscapeRight UIInterfaceOrientationPortrait UIInterfaceOrientationPortraitUpsideDown";
				LD_RUNPATH_SEARCH_PATHS = (
					"$(inherited)",
					"@executable_path/Frameworks",
				);
				MARKETING_VERSION = 1.0;
				PRODUCT_BUNDLE_IDENTIFIER = kr.happysmile.fridge;
				PRODUCT_NAME = "$(TARGET_NAME)";
				PROVISIONING_PROFILE_SPECIFIER = "";
				"PROVISIONING_PROFILE_SPECIFIER[sdk=iphoneos*]" = fridge_dev2;
				SWIFT_EMIT_LOC_STRINGS = YES;
				SWIFT_VERSION = 5.0;
				TARGETED_DEVICE_FAMILY = "1,2";
			};
			name = Release;
		};
/* End XCBuildConfiguration section */

/* Begin XCConfigurationList section */
		D1B889C3290DFA04009EEA55 /* Build configuration list for PBXProject "HappyFridge" */ = {
			isa = XCConfigurationList;
			buildConfigurations = (
				D1B889DA290DFA06009EEA55 /* Debug */,
				D1B889DB290DFA06009EEA55 /* Release */,
			);
			defaultConfigurationIsVisible = 0;
			defaultConfigurationName = Release;
		};
		D1B889DC290DFA06009EEA55 /* Build configuration list for PBXNativeTarget "HappyFridge" */ = {
			isa = XCConfigurationList;
			buildConfigurations = (
				D1B889DD290DFA06009EEA55 /* Debug */,
				D1B889DE290DFA06009EEA55 /* Release */,
			);
			defaultConfigurationIsVisible = 0;
			defaultConfigurationName = Release;
		};
/* End XCConfigurationList section */

/* Begin XCRemoteSwiftPackageReference section */
		86E596EF290E3B85008EA5B0 /* XCRemoteSwiftPackageReference "kakao-ios-sdk" */ = {
			isa = XCRemoteSwiftPackageReference;
			repositoryURL = "https://github.com/kakao/kakao-ios-sdk";
			requirement = {
				branch = master;
				kind = branch;
			};
		};
		CE4A3CB8291781FC003971DE /* XCRemoteSwiftPackageReference "SnapKit" */ = {
			isa = XCRemoteSwiftPackageReference;
			repositoryURL = "https://github.com/SnapKit/SnapKit.git";
			requirement = {
				branch = develop;
				kind = branch;
			};
		};
		CEC217E9292B65B10088E8E6 /* XCRemoteSwiftPackageReference "Toast-Swift" */ = {
			isa = XCRemoteSwiftPackageReference;
			repositoryURL = "https://github.com/scalessec/Toast-Swift.git";
			requirement = {
				kind = upToNextMajorVersion;
				minimumVersion = 5.0.0;
			};
		};
		D1BCE8532928A362008586F8 /* XCRemoteSwiftPackageReference "firebase-ios-sdk" */ = {
			isa = XCRemoteSwiftPackageReference;
			repositoryURL = "https://github.com/firebase/firebase-ios-sdk.git";
			requirement = {
				branch = master;
				kind = branch;
			};
		};
/* End XCRemoteSwiftPackageReference section */

/* Begin XCSwiftPackageProductDependency section */
		86E596F0290E3B85008EA5B0 /* KakaoSDKAuth */ = {
			isa = XCSwiftPackageProductDependency;
			package = 86E596EF290E3B85008EA5B0 /* XCRemoteSwiftPackageReference "kakao-ios-sdk" */;
			productName = KakaoSDKAuth;
		};
		86E596F2290E3B85008EA5B0 /* KakaoSDKCommon */ = {
			isa = XCSwiftPackageProductDependency;
			package = 86E596EF290E3B85008EA5B0 /* XCRemoteSwiftPackageReference "kakao-ios-sdk" */;
			productName = KakaoSDKCommon;
		};
		86E596F4290E3B85008EA5B0 /* KakaoSDKCommonCore */ = {
			isa = XCSwiftPackageProductDependency;
			package = 86E596EF290E3B85008EA5B0 /* XCRemoteSwiftPackageReference "kakao-ios-sdk" */;
			productName = KakaoSDKCommonCore;
		};
		86E596F6290E3B85008EA5B0 /* KakaoSDKShare */ = {
			isa = XCSwiftPackageProductDependency;
			package = 86E596EF290E3B85008EA5B0 /* XCRemoteSwiftPackageReference "kakao-ios-sdk" */;
			productName = KakaoSDKShare;
		};
		86E596F8290E3B85008EA5B0 /* KakaoSDKStory */ = {
			isa = XCSwiftPackageProductDependency;
			package = 86E596EF290E3B85008EA5B0 /* XCRemoteSwiftPackageReference "kakao-ios-sdk" */;
			productName = KakaoSDKStory;
		};
		86E596FA290E3B85008EA5B0 /* KakaoSDKTalk */ = {
			isa = XCSwiftPackageProductDependency;
			package = 86E596EF290E3B85008EA5B0 /* XCRemoteSwiftPackageReference "kakao-ios-sdk" */;
			productName = KakaoSDKTalk;
		};
		86E596FC290E3B85008EA5B0 /* KakaoSDKTemplate */ = {
			isa = XCSwiftPackageProductDependency;
			package = 86E596EF290E3B85008EA5B0 /* XCRemoteSwiftPackageReference "kakao-ios-sdk" */;
			productName = KakaoSDKTemplate;
		};
		86E596FE290E3B85008EA5B0 /* KakaoSDKUser */ = {
			isa = XCSwiftPackageProductDependency;
			package = 86E596EF290E3B85008EA5B0 /* XCRemoteSwiftPackageReference "kakao-ios-sdk" */;
			productName = KakaoSDKUser;
		};
		CE4A3CB9291781FC003971DE /* SnapKit */ = {
			isa = XCSwiftPackageProductDependency;
			package = CE4A3CB8291781FC003971DE /* XCRemoteSwiftPackageReference "SnapKit" */;
			productName = SnapKit;
		};
		CEC217EA292B65B20088E8E6 /* Toast */ = {
			isa = XCSwiftPackageProductDependency;
			package = CEC217E9292B65B10088E8E6 /* XCRemoteSwiftPackageReference "Toast-Swift" */;
			productName = Toast;
		};
		D1BCE8542928A362008586F8 /* FirebaseAnalytics */ = {
			isa = XCSwiftPackageProductDependency;
			package = D1BCE8532928A362008586F8 /* XCRemoteSwiftPackageReference "firebase-ios-sdk" */;
			productName = FirebaseAnalytics;
		};
		D1BCE8562928A362008586F8 /* FirebaseAnalyticsSwift */ = {
			isa = XCSwiftPackageProductDependency;
			package = D1BCE8532928A362008586F8 /* XCRemoteSwiftPackageReference "firebase-ios-sdk" */;
			productName = FirebaseAnalyticsSwift;
		};
		D1BCE8582928A362008586F8 /* FirebaseAuth */ = {
			isa = XCSwiftPackageProductDependency;
			package = D1BCE8532928A362008586F8 /* XCRemoteSwiftPackageReference "firebase-ios-sdk" */;
			productName = FirebaseAuth;
		};
		D1BCE85A2928A362008586F8 /* FirebaseCrashlytics */ = {
			isa = XCSwiftPackageProductDependency;
			package = D1BCE8532928A362008586F8 /* XCRemoteSwiftPackageReference "firebase-ios-sdk" */;
			productName = FirebaseCrashlytics;
		};
		D1BCE85C2928A362008586F8 /* FirebaseDatabase */ = {
			isa = XCSwiftPackageProductDependency;
			package = D1BCE8532928A362008586F8 /* XCRemoteSwiftPackageReference "firebase-ios-sdk" */;
			productName = FirebaseDatabase;
		};
		D1BCE85E2928A362008586F8 /* FirebaseDatabaseSwift */ = {
			isa = XCSwiftPackageProductDependency;
			package = D1BCE8532928A362008586F8 /* XCRemoteSwiftPackageReference "firebase-ios-sdk" */;
			productName = FirebaseDatabaseSwift;
		};
		D1BCE8602928A362008586F8 /* FirebaseFirestore */ = {
			isa = XCSwiftPackageProductDependency;
			package = D1BCE8532928A362008586F8 /* XCRemoteSwiftPackageReference "firebase-ios-sdk" */;
			productName = FirebaseFirestore;
		};
		D1BCE8622928A362008586F8 /* FirebaseFirestoreSwift */ = {
			isa = XCSwiftPackageProductDependency;
			package = D1BCE8532928A362008586F8 /* XCRemoteSwiftPackageReference "firebase-ios-sdk" */;
			productName = FirebaseFirestoreSwift;
		};
		D1BCE8642928A362008586F8 /* FirebaseMessaging */ = {
			isa = XCSwiftPackageProductDependency;
			package = D1BCE8532928A362008586F8 /* XCRemoteSwiftPackageReference "firebase-ios-sdk" */;
			productName = FirebaseMessaging;
		};
		D1BCE8662928A362008586F8 /* FirebaseRemoteConfig */ = {
			isa = XCSwiftPackageProductDependency;
			package = D1BCE8532928A362008586F8 /* XCRemoteSwiftPackageReference "firebase-ios-sdk" */;
			productName = FirebaseRemoteConfig;
		};
		D1BCE8682928A362008586F8 /* FirebaseStorage */ = {
			isa = XCSwiftPackageProductDependency;
			package = D1BCE8532928A362008586F8 /* XCRemoteSwiftPackageReference "firebase-ios-sdk" */;
			productName = FirebaseStorage;
		};
/* End XCSwiftPackageProductDependency section */
	};
	rootObject = D1B889C0290DFA04009EEA55 /* Project object */;
}
